
Microsoft Visual Studio Solution File, Format Version 12.00
# Visual Studio 14
VisualStudioVersion = 14.0.25420.1
MinimumVisualStudioVersion = 10.0.40219.1
Project("{FAE04EC0-301F-11D3-BF4B-00C04F79EFBC}") = "GatewayGenerator", "GatewayGenerator\GatewayGenerator.csproj", "{F484A1EE-6677-4FB1-BBFA-39D5C7C7773F}"
	ProjectSection(ProjectDependencies) = postProject
		{02AA3A97-302B-4E95-BC58-91C424B5AADB} = {02AA3A97-302B-4E95-BC58-91C424B5AADB}
	EndProjectSection
EndProject
Project("{FAE04EC0-301F-11D3-BF4B-00C04F79EFBC}") = "EventHubReceiver", "EventHubReceiver\EventHubReceiver.csproj", "{02AA3A97-302B-4E95-BC58-91C424B5AADB}"
EndProject
Global
	GlobalSection(SolutionConfigurationPlatforms) = preSolution
		Debug|Any CPU = Debug|Any CPU
		Release|Any CPU = Release|Any CPU
	EndGlobalSection
	GlobalSection(ProjectConfigurationPlatforms) = postSolution
		{F484A1EE-6677-4FB1-BBFA-39D5C7C7773F}.Debug|Any CPU.ActiveCfg = Debug|Any CPU
		{F484A1EE-6677-4FB1-BBFA-39D5C7C7773F}.Debug|Any CPU.Build.0 = Debug|Any CPU
		{F484A1EE-6677-4FB1-BBFA-39D5C7C7773F}.Release|Any CPU.ActiveCfg = Release|Any CPU
		{F484A1EE-6677-4FB1-BBFA-39D5C7C7773F}.Release|Any CPU.Build.0 = Release|Any CPU
		{02AA3A97-302B-4E95-BC58-91C424B5AADB}.Debug|Any CPU.ActiveCfg = Debug|Any CPU
		{02AA3A97-302B-4E95-BC58-91C424B5AADB}.Debug|Any CPU.Build.0 = Debug|Any CPU
		{02AA3A97-302B-4E95-BC58-91C424B5AADB}.Release|Any CPU.ActiveCfg = Release|Any CPU
		{02AA3A97-302B-4E95-BC58-91C424B5AADB}.Release|Any CPU.Build.0 = Release|Any CPU
	EndGlobalSection
	GlobalSection(SolutionProperties) = preSolution
		HideSolutionNode = FALSE
	EndGlobalSection
EndGlobal
